
Microsoft Visual Studio Solution File, Format Version 12.00
# Visual Studio Version 16
VisualStudioVersion = 16.0.36324.18
MinimumVisualStudioVersion = 10.0.40219.1
Project("{FAE04EC0-301F-11D3-BF4B-00C04F79EFBC}") = "cashier_dashboard", "cashier_dashboard\cashier_dashboard.csproj", "{969BBF3C-407C-410E-B0C2-B4CE7BFA5FE0}"
EndProject
Project("{FAE04EC0-301F-11D3-BF4B-00C04F79EFBC}") = "CoffeeShopPOS", "..\..\[Admin] CoffeeCSharp\CoffeeCSharp\CoffeeShopPOS\CoffeeShopPOS.csproj", "{1C33498C-1215-408B-A93E-3CC65F7DA300}"
EndProject
Project("{FAE04EC0-301F-11D3-BF4B-00C04F79EFBC}") = "POS-CoffeShop", "..\..\POS-CoffeShop\POS-CoffeShop\POS-CoffeShop.csproj", "{EAC149B0-A267-4E80-99C2-20E4DBFCBD4A}"
EndProject
Global
	GlobalSection(SolutionConfigurationPlatforms) = preSolution
		Debug|Any CPU = Debug|Any CPU
		Release|Any CPU = Release|Any CPU
	EndGlobalSection
	GlobalSection(ProjectConfigurationPlatforms) = postSolution
		{969BBF3C-407C-410E-B0C2-B4CE7BFA5FE0}.Debug|Any CPU.ActiveCfg = Debug|Any CPU
		{969BBF3C-407C-410E-B0C2-B4CE7BFA5FE0}.Debug|Any CPU.Build.0 = Debug|Any CPU
		{969BBF3C-407C-410E-B0C2-B4CE7BFA5FE0}.Release|Any CPU.ActiveCfg = Release|Any CPU
		{969BBF3C-407C-410E-B0C2-B4CE7BFA5FE0}.Release|Any CPU.Build.0 = Release|Any CPU
		{1C33498C-1215-408B-A93E-3CC65F7DA300}.Debug|Any CPU.ActiveCfg = Debug|Any CPU
		{1C33498C-1215-408B-A93E-3CC65F7DA300}.Debug|Any CPU.Build.0 = Debug|Any CPU
		{1C33498C-1215-408B-A93E-3CC65F7DA300}.Release|Any CPU.ActiveCfg = Release|Any CPU
		{1C33498C-1215-408B-A93E-3CC65F7DA300}.Release|Any CPU.Build.0 = Release|Any CPU
		{EAC149B0-A267-4E80-99C2-20E4DBFCBD4A}.Debug|Any CPU.ActiveCfg = Debug|Any CPU
		{EAC149B0-A267-4E80-99C2-20E4DBFCBD4A}.Debug|Any CPU.Build.0 = Debug|Any CPU
		{EAC149B0-A267-4E80-99C2-20E4DBFCBD4A}.Release|Any CPU.ActiveCfg = Release|Any CPU
		{EAC149B0-A267-4E80-99C2-20E4DBFCBD4A}.Release|Any CPU.Build.0 = Release|Any CPU
	EndGlobalSection
	GlobalSection(SolutionProperties) = preSolution
		HideSolutionNode = FALSE
	EndGlobalSection
	GlobalSection(ExtensibilityGlobals) = postSolution
		SolutionGuid = {90C8A2E3-6DF0-48B1-95FC-A87BA492265F}
	EndGlobalSection
EndGlobal
